<?xml version="1.0" encoding="utf-8"?>
<Project ToolsVersion="4.0" xmlns="http://schemas.microsoft.com/developer/msbuild/2003">
  <ItemGroup>
    <Filter Include="Source Files">
      <UniqueIdentifier>{4FC737F1-C7A5-4376-A066-2A32D752A2FF}</UniqueIdentifier>
      <Extensions>cpp;c;cc;cxx;def;odl;idl;hpj;bat;asm;asmx</Extensions>
    </Filter>
    <Filter Include="Header Files">
      <UniqueIdentifier>{93995380-89BD-4b04-88EB-625FBE52EBFB}</UniqueIdentifier>
      <Extensions>h;hh;hpp;hxx;hm;inl;inc;xsd</Extensions>
    </Filter>
    <Filter Include="Resource Files">
      <UniqueIdentifier>{67DA6AB6-F800-4c08-8B7A-83BB121AAD01}</UniqueIdentifier>
      <Extensions>rc;ico;cur;bmp;dlg;rc2;rct;bin;rgs;gif;jpg;jpeg;jpe;resx;tiff;tif;png;wav;mfcribbon-ms</Extensions>
    </Filter>
    <Filter Include="glad">
      <UniqueIdentifier>{f184866f-d17e-4977-a8a8-56a7a84d061d}</UniqueIdentifier>
    </Filter>
    <Filter Include="shaders">
      <UniqueIdentifier>{7b89dd4c-c80f-41b8-aa6a-2d1491af3d6f}</UniqueIdentifier>
    </Filter>
    <Filter Include="lib">
      <UniqueIdentifier>{20017808-94b8-4c37-aa80-454086e0e781}</UniqueIdentifier>
    </Filter>
    <Filter Include="pdollar">
      <UniqueIdentifier>{a9085670-57d6-4995-b800-7daed5ca6240}</UniqueIdentifier>
    </Filter>
  </ItemGroup>
  <ItemGroup>
    <Text Include="ReadMe.txt" />
    <Text Include="shaders\basic_fshader.txt">
      <Filter>shaders</Filter>
    </Text>
    <Text Include="shaders\basic_vshader.txt">
      <Filter>shaders</Filter>
    </Text>
  </ItemGroup>
  <ItemGroup>
    <ClInclude Include="stdafx.h">
      <Filter>Header Files</Filter>
    </ClInclude>
    <ClInclude Include="targetver.h">
      <Filter>Header Files</Filter>
    </ClInclude>
    <ClInclude Include="GLShaderFx.h">
      <Filter>Header Files</Filter>
    </ClInclude>
    <ClInclude Include="common.h">
      <Filter>Header Files</Filter>
    </ClInclude>
    <ClInclude Include="stb_image.h">
      <Filter>Header Files</Filter>
    </ClInclude>
    <ClInclude Include="lib\GeometricRecognizer.h">
      <Filter>lib</Filter>
    </ClInclude>
    <ClInclude Include="lib\GeometricRecognizerTypes.h">
      <Filter>lib</Filter>
    </ClInclude>
    <ClInclude Include="lib\GestureTemplate.h">
      <Filter>lib</Filter>
    </ClInclude>
    <ClInclude Include="lib\MultipleStrokeGestureTemplate.h">
      <Filter>lib</Filter>
    </ClInclude>
    <ClInclude Include="lib\PathWriter.h">
      <Filter>lib</Filter>
    </ClInclude>
    <ClInclude Include="lib\SampleGestures.h">
      <Filter>lib</Filter>
    </ClInclude>
    <ClInclude Include="lib\SampleMultiStrokeGestures.h">
      <Filter>lib</Filter>
    </ClInclude>
    <ClInclude Include="lib\utils.h">
      <Filter>lib</Filter>
    </ClInclude>
    <ClInclude Include="pdollar\Geometry.h">
      <Filter>pdollar</Filter>
    </ClInclude>
    <ClInclude Include="pdollar\Gesture.h">
      <Filter>pdollar</Filter>
    </ClInclude>
    <ClInclude Include="pdollar\PointCloudRecognizer.h">
      <Filter>pdollar</Filter>
    </ClInclude>
  </ItemGroup>
  <ItemGroup>
    <ClCompile Include="stdafx.cpp">
      <Filter>Source Files</Filter>
    </ClCompile>
    <ClCompile Include="OpenGLTest.cpp">
      <Filter>Source Files</Filter>
    </ClCompile>
    <ClCompile Include="..\..\3rd party\glad\src\glad.c">
      <Filter>glad</Filter>
    </ClCompile>
    <ClCompile Include="GLShaderFx.cpp">
      <Filter>Source Files</Filter>
    </ClCompile>
    <ClCompile Include="stb_image.cpp">
      <Filter>Source Files</Filter>
    </ClCompile>
    <ClCompile Include="lib\GeometricRecognizer.cpp">
      <Filter>lib</Filter>
    </ClCompile>
    <ClCompile Include="pdollar\Geometry.cpp">
      <Filter>pdollar</Filter>
    </ClCompile>
    <ClCompile Include="pdollar\Gesture.cpp">
      <Filter>pdollar</Filter>
    </ClCompile>
    <ClCompile Include="pdollar\PointCloudRecognizer.cpp">
      <Filter>pdollar</Filter>
    </ClCompile>
  </ItemGroup>
</Project>